// !$*UTF8*$!
{
	archiveVersion = 1;
	classes = {
	};
	objectVersion = 55;
	objects = {

/* Begin PBXBuildFile section */
		EF61ED9D288F820C00195054 /* SimpleTodoApp.swift in Sources */ = {isa = PBXBuildFile; fileRef = EF61ED8D288F820900195054 /* SimpleTodoApp.swift */; };
		EF61ED9E288F820C00195054 /* SimpleTodoApp.swift in Sources */ = {isa = PBXBuildFile; fileRef = EF61ED8D288F820900195054 /* SimpleTodoApp.swift */; };
		EF61ED9F288F820C00195054 /* ContentView.swift in Sources */ = {isa = PBXBuildFile; fileRef = EF61ED8E288F820900195054 /* ContentView.swift */; };
		EF61EDA0288F820C00195054 /* ContentView.swift in Sources */ = {isa = PBXBuildFile; fileRef = EF61ED8E288F820900195054 /* ContentView.swift */; };
		EF61EDA1288F820C00195054 /* Assets.xcassets in Resources */ = {isa = PBXBuildFile; fileRef = EF61ED8F288F820C00195054 /* Assets.xcassets */; };
		EF61EDA2288F820C00195054 /* Assets.xcassets in Resources */ = {isa = PBXBuildFile; fileRef = EF61ED8F288F820C00195054 /* Assets.xcassets */; };
		EF61EDAD288F822500195054 /* SimpleTodoModel.xcdatamodeld in Sources */ = {isa = PBXBuildFile; fileRef = EF61EDAB288F822500195054 /* SimpleTodoModel.xcdatamodeld */; };
		EF61EDAE288F822500195054 /* SimpleTodoModel.xcdatamodeld in Sources */ = {isa = PBXBuildFile; fileRef = EF61EDAB288F822500195054 /* SimpleTodoModel.xcdatamodeld */; };
		EF61EDB4288F831200195054 /* CoreDataManager.swift in Sources */ = {isa = PBXBuildFile; fileRef = EF61EDB3288F831200195054 /* CoreDataManager.swift */; };
		EF61EDB5288F831200195054 /* CoreDataManager.swift in Sources */ = {isa = PBXBuildFile; fileRef = EF61EDB3288F831200195054 /* CoreDataManager.swift */; };
/* End PBXBuildFile section */

/* Begin PBXFileReference section */
		EF61ED8D288F820900195054 /* SimpleTodoApp.swift */ = {isa = PBXFileReference; lastKnownFileType = sourcecode.swift; path = SimpleTodoApp.swift; sourceTree = "<group>"; };
		EF61ED8E288F820900195054 /* ContentView.swift */ = {isa = PBXFileReference; lastKnownFileType = sourcecode.swift; path = ContentView.swift; sourceTree = "<group>"; };
		EF61ED8F288F820C00195054 /* Assets.xcassets */ = {isa = PBXFileReference; lastKnownFileType = folder.assetcatalog; path = Assets.xcassets; sourceTree = "<group>"; };
		EF61ED94288F820C00195054 /* SimpleTodo.app */ = {isa = PBXFileReference; explicitFileType = wrapper.application; includeInIndex = 0; path = SimpleTodo.app; sourceTree = BUILT_PRODUCTS_DIR; };
		EF61ED9A288F820C00195054 /* SimpleTodo.app */ = {isa = PBXFileReference; explicitFileType = wrapper.application; includeInIndex = 0; path = SimpleTodo.app; sourceTree = BUILT_PRODUCTS_DIR; };
		EF61ED9C288F820C00195054 /* macOS.entitlements */ = {isa = PBXFileReference; lastKnownFileType = text.plist.entitlements; path = macOS.entitlements; sourceTree = "<group>"; };
		EF61EDAC288F822500195054 /* SimpleTodoModel.xcdatamodel */ = {isa = PBXFileReference; lastKnownFileType = wrapper.xcdatamodel; path = SimpleTodoModel.xcdatamodel; sourceTree = "<group>"; };
		EF61EDB3288F831200195054 /* CoreDataManager.swift */ = {isa = PBXFileReference; lastKnownFileType = sourcecode.swift; path = CoreDataManager.swift; sourceTree = "<group>"; };
/* End PBXFileReference section */

/* Begin PBXFrameworksBuildPhase section */
		EF61ED91288F820C00195054 /* Frameworks */ = {
			isa = PBXFrameworksBuildPhase;
			buildActionMask = 2147483647;
			files = (
			);
			runOnlyForDeploymentPostprocessing = 0;
		};
		EF61ED97288F820C00195054 /* Frameworks */ = {
			isa = PBXFrameworksBuildPhase;
			buildActionMask = 2147483647;
			files = (
			);
			runOnlyForDeploymentPostprocessing = 0;
		};
/* End PBXFrameworksBuildPhase section */

/* Begin PBXGroup section */
		EF61ED87288F820900195054 = {
			isa = PBXGroup;
			children = (
				EF61ED8C288F820900195054 /* Shared */,
				EF61ED9B288F820C00195054 /* macOS */,
				EF61ED95288F820C00195054 /* Products */,
			);
			sourceTree = "<group>";
		};
		EF61ED8C288F820900195054 /* Shared */ = {
			isa = PBXGroup;
			children = (
				EF61EDAF288F82B200195054 /* Managers */,
				EF61ED8D288F820900195054 /* SimpleTodoApp.swift */,
				EF61ED8E288F820900195054 /* ContentView.swift */,
				EF61EDAB288F822500195054 /* SimpleTodoModel.xcdatamodeld */,
				EF61ED8F288F820C00195054 /* Assets.xcassets */,
			);
			path = Shared;
			sourceTree = "<group>";
		};
		EF61ED95288F820C00195054 /* Products */ = {
			isa = PBXGroup;
			children = (
				EF61ED94288F820C00195054 /* SimpleTodo.app */,
				EF61ED9A288F820C00195054 /* SimpleTodo.app */,
			);
			name = Products;
			sourceTree = "<group>";
		};
		EF61ED9B288F820C00195054 /* macOS */ = {
			isa = PBXGroup;
			children = (
				EF61ED9C288F820C00195054 /* macOS.entitlements */,
			);
			path = macOS;
			sourceTree = "<group>";
		};
		EF61EDAF288F82B200195054 /* Managers */ = {
			isa = PBXGroup;
			children = (
				EF61EDB3288F831200195054 /* CoreDataManager.swift */,
			);
			path = Managers;
			sourceTree = "<group>";
		};
/* End PBXGroup section */

/* Begin PBXNativeTarget section */
		EF61ED93288F820C00195054 /* SimpleTodo (iOS) */ = {
			isa = PBXNativeTarget;
			buildConfigurationList = EF61EDA5288F820C00195054 /* Build configuration list for PBXNativeTarget "SimpleTodo (iOS)" */;
			buildPhases = (
				EF61ED90288F820C00195054 /* Sources */,
				EF61ED91288F820C00195054 /* Frameworks */,
				EF61ED92288F820C00195054 /* Resources */,
			);
			buildRules = (
			);
			dependencies = (
			);
			name = "SimpleTodo (iOS)";
			productName = "SimpleTodo (iOS)";
			productReference = EF61ED94288F820C00195054 /* SimpleTodo.app */;
			productType = "com.apple.product-type.application";
		};
		EF61ED99288F820C00195054 /* SimpleTodo (macOS) */ = {
			isa = PBXNativeTarget;
			buildConfigurationList = EF61EDA8288F820C00195054 /* Build configuration list for PBXNativeTarget "SimpleTodo (macOS)" */;
			buildPhases = (
				EF61ED96288F820C00195054 /* Sources */,
				EF61ED97288F820C00195054 /* Frameworks */,
				EF61ED98288F820C00195054 /* Resources */,
			);
			buildRules = (
			);
			dependencies = (
			);
			name = "SimpleTodo (macOS)";
			productName = "SimpleTodo (macOS)";
			productReference = EF61ED9A288F820C00195054 /* SimpleTodo.app */;
			productType = "com.apple.product-type.application";
		};
/* End PBXNativeTarget section */

/* Begin PBXProject section */
		EF61ED88288F820900195054 /* Project object */ = {
			isa = PBXProject;
			attributes = {
				BuildIndependentTargetsInParallel = 1;
				LastSwiftUpdateCheck = 1340;
				LastUpgradeCheck = 1340;
				TargetAttributes = {
					EF61ED93288F820C00195054 = {
						CreatedOnToolsVersion = 13.4.1;
					};
					EF61ED99288F820C00195054 = {
						CreatedOnToolsVersion = 13.4.1;
					};
				};
			};
			buildConfigurationList = EF61ED8B288F820900195054 /* Build configuration list for PBXProject "SimpleTodo" */;
			compatibilityVersion = "Xcode 13.0";
			developmentRegion = en;
			hasScannedForEncodings = 0;
			knownRegions = (
				en,
				Base,
			);
			mainGroup = EF61ED87288F820900195054;
			productRefGroup = EF61ED95288F820C00195054 /* Products */;
			projectDirPath = "";
			projectRoot = "";
			targets = (
				EF61ED93288F820C00195054 /* SimpleTodo (iOS) */,
				EF61ED99288F820C00195054 /* SimpleTodo (macOS) */,
			);
		};
/* End PBXProject section */

/* Begin PBXResourcesBuildPhase section */
		EF61ED92288F820C00195054 /* Resources */ = {
			isa = PBXResourcesBuildPhase;
			buildActionMask = 2147483647;
			files = (
				EF61EDA1288F820C00195054 /* Assets.xcassets in Resources */,
			);
			runOnlyForDeploymentPostprocessing = 0;
		};
		EF61ED98288F820C00195054 /* Resources */ = {
			isa = PBXResourcesBuildPhase;
			buildActionMask = 2147483647;
			files = (
				EF61EDA2288F820C00195054 /* Assets.xcassets in Resources */,
			);
			runOnlyForDeploymentPostprocessing = 0;
		};
/* End PBXResourcesBuildPhase section */

/* Begin PBXSourcesBuildPhase section */
		EF61ED90288F820C00195054 /* Sources */ = {
			isa = PBXSourcesBuildPhase;
			buildActionMask = 2147483647;
			files = (
				EF61EDAD288F822500195054 /* SimpleTodoModel.xcdatamodeld in Sources */,
				EF61ED9F288F820C00195054 /* ContentView.swift in Sources */,
				EF61EDB4288F831200195054 /* CoreDataManager.swift in Sources */,
				EF61ED9D288F820C00195054 /* SimpleTodoApp.swift in Sources */,
			);
			runOnlyForDeploymentPostprocessing = 0;
		};
		EF61ED96288F820C00195054 /* Sources */ = {
			isa = PBXSourcesBuildPhase;
			buildActionMask = 2147483647;
			files = (
				EF61EDAE288F822500195054 /* SimpleTodoModel.xcdatamodeld in Sources */,
				EF61EDA0288F820C00195054 /* ContentView.swift in Sources */,
				EF61EDB5288F831200195054 /* CoreDataManager.swift in Sources */,
				EF61ED9E288F820C00195054 /* SimpleTodoApp.swift in Sources */,
			);
			runOnlyForDeploymentPostprocessing = 0;
		};
/* End PBXSourcesBuildPhase section */

/* Begin XCBuildConfiguration section */
		EF61EDA3288F820C00195054 /* Debug */ = {
			isa = XCBuildConfiguration;
			buildSettings = {
				ALWAYS_SEARCH_USER_PATHS = NO;
				CLANG_ANALYZER_NONNULL = YES;
				CLANG_ANALYZER_NUMBER_OBJECT_CONVERSION = YES_AGGRESSIVE;
				CLANG_CXX_LANGUAGE_STANDARD = "gnu++17";
				CLANG_ENABLE_MODULES = YES;
				CLANG_ENABLE_OBJC_ARC = YES;
				CLANG_ENABLE_OBJC_WEAK = YES;
				CLANG_WARN_BLOCK_CAPTURE_AUTORELEASING = YES;
				CLANG_WARN_BOOL_CONVERSION = YES;
				CLANG_WARN_COMMA = YES;
				CLANG_WARN_CONSTANT_CONVERSION = YES;
				CLANG_WARN_DEPRECATED_OBJC_IMPLEMENTATIONS = YES;
				CLANG_WARN_DIRECT_OBJC_ISA_USAGE = YES_ERROR;
				CLANG_WARN_DOCUMENTATION_COMMENTS = YES;
				CLANG_WARN_EMPTY_BODY = YES;
				CLANG_WARN_ENUM_CONVERSION = YES;
				CLANG_WARN_INFINITE_RECURSION = YES;
				CLANG_WARN_INT_CONVERSION = YES;
				CLANG_WARN_NON_LITERAL_NULL_CONVERSION = YES;
				CLANG_WARN_OBJC_IMPLICIT_RETAIN_SELF = YES;
				CLANG_WARN_OBJC_LITERAL_CONVERSION = YES;
				CLANG_WARN_OBJC_ROOT_CLASS = YES_ERROR;
				CLANG_WARN_QUOTED_INCLUDE_IN_FRAMEWORK_HEADER = YES;
				CLANG_WARN_RANGE_LOOP_ANALYSIS = YES;
				CLANG_WARN_STRICT_PROTOTYPES = YES;
				CLANG_WARN_SUSPICIOUS_MOVE = YES;
				CLANG_WARN_UNGUARDED_AVAILABILITY = YES_AGGRESSIVE;
				CLANG_WARN_UNREACHABLE_CODE = YES;
				CLANG_WARN__DUPLICATE_METHOD_MATCH = YES;
				COPY_PHASE_STRIP = NO;
				DEBUG_INFORMATION_FORMAT = dwarf;
				ENABLE_STRICT_OBJC_MSGSEND = YES;
				ENABLE_TESTABILITY = YES;
				GCC_C_LANGUAGE_STANDARD = gnu11;
				GCC_DYNAMIC_NO_PIC = NO;
				GCC_NO_COMMON_BLOCKS = YES;
				GCC_OPTIMIZATION_LEVEL = 0;
				GCC_PREPROCESSOR_DEFINITIONS = (
					"DEBUG=1",
					"$(inherited)",
				);
				GCC_WARN_64_TO_32_BIT_CONVERSION = YES;
				GCC_WARN_ABOUT_RETURN_TYPE = YES_ERROR;
				GCC_WARN_UNDECLARED_SELECTOR = YES;
				GCC_WARN_UNINITIALIZED_AUTOS = YES_AGGRESSIVE;
				GCC_WARN_UNUSED_FUNCTION = YES;
				GCC_WARN_UNUSED_VARIABLE = YES;
				MTL_ENABLE_DEBUG_INFO = INCLUDE_SOURCE;
				MTL_FAST_MATH = YES;
				ONLY_ACTIVE_ARCH = YES;
				SWIFT_ACTIVE_COMPILATION_CONDITIONS = DEBUG;
				SWIFT_OPTIMIZATION_LEVEL = "-Onone";
			};
			name = Debug;
		};
		EF61EDA4288F820C00195054 /* Release */ = {
			isa = XCBuildConfiguration;
			buildSettings = {
				ALWAYS_SEARCH_USER_PATHS = NO;
				CLANG_ANALYZER_NONNULL = YES;
				CLANG_ANALYZER_NUMBER_OBJECT_CONVERSION = YES_AGGRESSIVE;
				CLANG_CXX_LANGUAGE_STANDARD = "gnu++17";
				CLANG_ENABLE_MODULES = YES;
				CLANG_ENABLE_OBJC_ARC = YES;
				CLANG_ENABLE_OBJC_WEAK = YES;
				CLANG_WARN_BLOCK_CAPTURE_AUTORELEASING = YES;
				CLANG_WARN_BOOL_CONVERSION = YES;
				CLANG_WARN_COMMA = YES;
				CLANG_WARN_CONSTANT_CONVERSION = YES;
				CLANG_WARN_DEPRECATED_OBJC_IMPLEMENTATIONS = YES;
				CLANG_WARN_DIRECT_OBJC_ISA_USAGE = YES_ERROR;
				CLANG_WARN_DOCUMENTATION_COMMENTS = YES;
				CLANG_WARN_EMPTY_BODY = YES;
				CLANG_WARN_ENUM_CONVERSION = YES;
				CLANG_WARN_INFINITE_RECURSION = YES;
				CLANG_WARN_INT_CONVERSION = YES;
				CLANG_WARN_NON_LITERAL_NULL_CONVERSION = YES;
				CLANG_WARN_OBJC_IMPLICIT_RETAIN_SELF = YES;
				CLANG_WARN_OBJC_LITERAL_CONVERSION = YES;
				CLANG_WARN_OBJC_ROOT_CLASS = YES_ERROR;
				CLANG_WARN_QUOTED_INCLUDE_IN_FRAMEWORK_HEADER = YES;
				CLANG_WARN_RANGE_LOOP_ANALYSIS = YES;
				CLANG_WARN_STRICT_PROTOTYPES = YES;
				CLANG_WARN_SUSPICIOUS_MOVE = YES;
				CLANG_WARN_UNGUARDED_AVAILABILITY = YES_AGGRESSIVE;
				CLANG_WARN_UNREACHABLE_CODE = YES;
				CLANG_WARN__DUPLICATE_METHOD_MATCH = YES;
				COPY_PHASE_STRIP = NO;
				DEBUG_INFORMATION_FORMAT = "dwarf-with-dsym";
				ENABLE_NS_ASSERTIONS = NO;
				ENABLE_STRICT_OBJC_MSGSEND = YES;
				GCC_C_LANGUAGE_STANDARD = gnu11;
				GCC_NO_COMMON_BLOCKS = YES;
				GCC_WARN_64_TO_32_BIT_CONVERSION = YES;
				GCC_WARN_ABOUT_RETURN_TYPE = YES_ERROR;
				GCC_WARN_UNDECLARED_SELECTOR = YES;
				GCC_WARN_UNINITIALIZED_AUTOS = YES_AGGRESSIVE;
				GCC_WARN_UNUSED_FUNCTION = YES;
				GCC_WARN_UNUSED_VARIABLE = YES;
				MTL_ENABLE_DEBUG_INFO = NO;
				MTL_FAST_MATH = YES;
				SWIFT_COMPILATION_MODE = wholemodule;
				SWIFT_OPTIMIZATION_LEVEL = "-O";
			};
			name = Release;
		};
		EF61EDA6288F820C00195054 /* Debug */ = {
			isa = XCBuildConfiguration;
			buildSettings = {
				ASSETCATALOG_COMPILER_APPICON_NAME = AppIcon;
				ASSETCATALOG_COMPILER_GLOBAL_ACCENT_COLOR_NAME = AccentColor;
				CODE_SIGN_STYLE = Automatic;
				CURRENT_PROJECT_VERSION = 1;
				DEVELOPMENT_TEAM = M7NJQ38UTS;
				ENABLE_PREVIEWS = YES;
				GENERATE_INFOPLIST_FILE = YES;
				INFOPLIST_KEY_UIApplicationSceneManifest_Generation = YES;
				INFOPLIST_KEY_UIApplicationSupportsIndirectInputEvents = YES;
				INFOPLIST_KEY_UILaunchScreen_Generation = YES;
				INFOPLIST_KEY_UISupportedInterfaceOrientations_iPad = "UIInterfaceOrientationPortrait UIInterfaceOrientationPortraitUpsideDown UIInterfaceOrientationLandscapeLeft UIInterfaceOrientationLandscapeRight";
				INFOPLIST_KEY_UISupportedInterfaceOrientations_iPhone = "UIInterfaceOrientationPortrait UIInterfaceOrientationLandscapeLeft UIInterfaceOrientationLandscapeRight";
				IPHONEOS_DEPLOYMENT_TARGET = 15.5;
				LD_RUNPATH_SEARCH_PATHS = (
					"$(inherited)",
					"@executable_path/Frameworks",
				);
				MARKETING_VERSION = 1.0;
				PRODUCT_BUNDLE_IDENTIFIER = com.Kayla.SimpleTodo;
				PRODUCT_NAME = SimpleTodo;
				SDKROOT = iphoneos;
				SWIFT_EMIT_LOC_STRINGS = YES;
				SWIFT_VERSION = 5.0;
				TARGETED_DEVICE_FAMILY = "1,2";
			};
			name = Debug;
		};
		EF61EDA7288F820C00195054 /* Release */ = {
			isa = XCBuildConfiguration;
			buildSettings = {
				ASSETCATALOG_COMPILER_APPICON_NAME = AppIcon;
				ASSETCATALOG_COMPILER_GLOBAL_ACCENT_COLOR_NAME = AccentColor;
				CODE_SIGN_STYLE = Automatic;
				CURRENT_PROJECT_VERSION = 1;
				DEVELOPMENT_TEAM = M7NJQ38UTS;
				ENABLE_PREVIEWS = YES;
				GENERATE_INFOPLIST_FILE = YES;
				INFOPLIST_KEY_UIApplicationSceneManifest_Generation = YES;
				INFOPLIST_KEY_UIApplicationSupportsIndirectInputEvents = YES;
				INFOPLIST_KEY_UILaunchScreen_Generation = YES;
				INFOPLIST_KEY_UISupportedInterfaceOrientations_iPad = "UIInterfaceOrientationPortrait UIInterfaceOrientationPortraitUpsideDown UIInterfaceOrientationLandscapeLeft UIInterfaceOrientationLandscapeRight";
				INFOPLIST_KEY_UISupportedInterfaceOrientations_iPhone = "UIInterfaceOrientationPortrait UIInterfaceOrientationLandscapeLeft UIInterfaceOrientationLandscapeRight";
				IPHONEOS_DEPLOYMENT_TARGET = 15.5;
				LD_RUNPATH_SEARCH_PATHS = (
					"$(inherited)",
					"@executable_path/Frameworks",
				);
				MARKETING_VERSION = 1.0;
				PRODUCT_BUNDLE_IDENTIFIER = com.Kayla.SimpleTodo;
				PRODUCT_NAME = SimpleTodo;
				SDKROOT = iphoneos;
				SWIFT_EMIT_LOC_STRINGS = YES;
				SWIFT_VERSION = 5.0;
				TARGETED_DEVICE_FAMILY = "1,2";
				VALIDATE_PRODUCT = YES;
			};
			name = Release;
		};
		EF61EDA9288F820C00195054 /* Debug */ = {
			isa = XCBuildConfiguration;
			buildSettings = {
				ASSETCATALOG_COMPILER_APPICON_NAME = AppIcon;
				ASSETCATALOG_COMPILER_GLOBAL_ACCENT_COLOR_NAME = AccentColor;
				CODE_SIGN_ENTITLEMENTS = macOS/macOS.entitlements;
				CODE_SIGN_STYLE = Automatic;
				COMBINE_HIDPI_IMAGES = YES;
				CURRENT_PROJECT_VERSION = 1;
				DEVELOPMENT_TEAM = M7NJQ38UTS;
				ENABLE_HARDENED_RUNTIME = YES;
				ENABLE_PREVIEWS = YES;
				GENERATE_INFOPLIST_FILE = YES;
				INFOPLIST_KEY_NSHumanReadableCopyright = "";
				LD_RUNPATH_SEARCH_PATHS = (
					"$(inherited)",
					"@executable_path/../Frameworks",
				);
				MACOSX_DEPLOYMENT_TARGET = 12.3;
				MARKETING_VERSION = 1.0;
				PRODUCT_BUNDLE_IDENTIFIER = com.Kayla.SimpleTodo;
				PRODUCT_NAME = SimpleTodo;
				SDKROOT = macosx;
				SWIFT_EMIT_LOC_STRINGS = YES;
				SWIFT_VERSION = 5.0;
			};
			name = Debug;
		};
		EF61EDAA288F820C00195054 /* Release */ = {
			isa = XCBuildConfiguration;
			buildSettings = {
				ASSETCATALOG_COMPILER_APPICON_NAME = AppIcon;
				ASSETCATALOG_COMPILER_GLOBAL_ACCENT_COLOR_NAME = AccentColor;
				CODE_SIGN_ENTITLEMENTS = macOS/macOS.entitlements;
				CODE_SIGN_STYLE = Automatic;
				COMBINE_HIDPI_IMAGES = YES;
				CURRENT_PROJECT_VERSION = 1;
				DEVELOPMENT_TEAM = M7NJQ38UTS;
				ENABLE_HARDENED_RUNTIME = YES;
				ENABLE_PREVIEWS = YES;
				GENERATE_INFOPLIST_FILE = YES;
				INFOPLIST_KEY_NSHumanReadableCopyright = "";
				LD_RUNPATH_SEARCH_PATHS = (
					"$(inherited)",
					"@executable_path/../Frameworks",
				);
				MACOSX_DEPLOYMENT_TARGET = 12.3;
				MARKETING_VERSION = 1.0;
				PRODUCT_BUNDLE_IDENTIFIER = com.Kayla.SimpleTodo;
				PRODUCT_NAME = SimpleTodo;
				SDKROOT = macosx;
				SWIFT_EMIT_LOC_STRINGS = YES;
				SWIFT_VERSION = 5.0;
			};
			name = Release;
		};
/* End XCBuildConfiguration section */

/* Begin XCConfigurationList section */
		EF61ED8B288F820900195054 /* Build configuration list for PBXProject "SimpleTodo" */ = {
			isa = XCConfigurationList;
			buildConfigurations = (
				EF61EDA3288F820C00195054 /* Debug */,
				EF61EDA4288F820C00195054 /* Release */,
			);
			defaultConfigurationIsVisible = 0;
			defaultConfigurationName = Release;
		};
		EF61EDA5288F820C00195054 /* Build configuration list for PBXNativeTarget "SimpleTodo (iOS)" */ = {
			isa = XCConfigurationList;
			buildConfigurations = (
				EF61EDA6288F820C00195054 /* Debug */,
				EF61EDA7288F820C00195054 /* Release */,
			);
			defaultConfigurationIsVisible = 0;
			defaultConfigurationName = Release;
		};
		EF61EDA8288F820C00195054 /* Build configuration list for PBXNativeTarget "SimpleTodo (macOS)" */ = {
			isa = XCConfigurationList;
			buildConfigurations = (
				EF61EDA9288F820C00195054 /* Debug */,
				EF61EDAA288F820C00195054 /* Release */,
			);
			defaultConfigurationIsVisible = 0;
			defaultConfigurationName = Release;
		};
/* End XCConfigurationList section */

/* Begin XCVersionGroup section */
		EF61EDAB288F822500195054 /* SimpleTodoModel.xcdatamodeld */ = {
			isa = XCVersionGroup;
			children = (
				EF61EDAC288F822500195054 /* SimpleTodoModel.xcdatamodel */,
			);
			currentVersion = EF61EDAC288F822500195054 /* SimpleTodoModel.xcdatamodel */;
			path = SimpleTodoModel.xcdatamodeld;
			sourceTree = "<group>";
			versionGroupType = wrapper.xcdatamodel;
		};
/* End XCVersionGroup section */
	};
	rootObject = EF61ED88288F820900195054 /* Project object */;
}
